
Microsoft Visual Studio Solution File, Format Version 12.00
# Visual Studio Version 17
VisualStudioVersion = 17.0.32014.148
MinimumVisualStudioVersion = 10.0.40219.1
Project("{FAE04EC0-301F-11D3-BF4B-00C04F79EFBC}") = "PasswordManager", "PasswordManager\PasswordManager.csproj", "{27758B7F-8445-4548-A828-8EEC760EC6DE}"
EndProject
Global
	GlobalSection(SolutionConfigurationPlatforms) = preSolution
		Debug|Any CPU = Debug|Any CPU
		Release|Any CPU = Release|Any CPU
	EndGlobalSection
	GlobalSection(ProjectConfigurationPlatforms) = postSolution
		{27758B7F-8445-4548-A828-8EEC760EC6DE}.Debug|Any CPU.ActiveCfg = Debug|Any CPU
		{27758B7F-8445-4548-A828-8EEC760EC6DE}.Debug|Any CPU.Build.0 = Debug|Any CPU
		{27758B7F-8445-4548-A828-8EEC760EC6DE}.Release|Any CPU.ActiveCfg = Release|Any CPU
		{27758B7F-8445-4548-A828-8EEC760EC6DE}.Release|Any CPU.Build.0 = Release|Any CPU
	EndGlobalSection
	GlobalSection(SolutionProperties) = preSolution
		HideSolutionNode = FALSE
	EndGlobalSection
	GlobalSection(ExtensibilityGlobals) = postSolution
		SolutionGuid = {4DA5178C-5DA2-481C-B77F-E8E2A6DA40C6}
	EndGlobalSection
EndGlobal
